
Microsoft Visual Studio Solution File, Format Version 12.00
# Visual Studio Version 17
VisualStudioVersion = 17.14.36202.13 d17.14
MinimumVisualStudioVersion = 10.0.40219.1
Project("{FAE04EC0-301F-11D3-BF4B-00C04F79EFBC}") = "E5", "E5\E5.csproj", "{8A9B60A3-DFB6-4CA0-AD19-3B8B5354CF7D}"
EndProject
Global
	GlobalSection(SolutionConfigurationPlatforms) = preSolution
		Debug|Any CPU = Debug|Any CPU
		Release|Any CPU = Release|Any CPU
	EndGlobalSection
	GlobalSection(ProjectConfigurationPlatforms) = postSolution
		{8A9B60A3-DFB6-4CA0-AD19-3B8B5354CF7D}.Debug|Any CPU.ActiveCfg = Debug|Any CPU
		{8A9B60A3-DFB6-4CA0-AD19-3B8B5354CF7D}.Debug|Any CPU.Build.0 = Debug|Any CPU
		{8A9B60A3-DFB6-4CA0-AD19-3B8B5354CF7D}.Release|Any CPU.ActiveCfg = Release|Any CPU
		{8A9B60A3-DFB6-4CA0-AD19-3B8B5354CF7D}.Release|Any CPU.Build.0 = Release|Any CPU
	EndGlobalSection
	GlobalSection(SolutionProperties) = preSolution
		HideSolutionNode = FALSE
	EndGlobalSection
	GlobalSection(ExtensibilityGlobals) = postSolution
		SolutionGuid = {B8F9E428-2DE4-43FB-B59C-F08E7936C753}
	EndGlobalSection
EndGlobal
